// !$*UTF8*$!
{
	archiveVersion = 1;
	classes = {
	};
	objectVersion = 56;
	objects = {

/* Begin PBXBuildFile section */
		AA000002 /* main.m in Sources */ = {isa = PBXBuildFile; fileRef = AA100002 /* main.m */; };
		AA000003 /* Assets.xcassets in Resources */ = {isa = PBXBuildFile; fileRef = AA100003 /* Assets.xcassets */; };
		AA000004 /* libmonster_battle_ios.a in Frameworks */ = {isa = PBXBuildFile; fileRef = AA100004 /* libmonster_battle_ios.a */; };
/* End PBXBuildFile section */

/* Begin PBXFileReference section */
		AA100002 /* main.m */ = {isa = PBXFileReference; fileEncoding = 4; lastKnownFileType = sourcecode.c.objc; path = main.m; sourceTree = "<group>"; };
		AA100003 /* Assets.xcassets */ = {isa = PBXFileReference; lastKnownFileType = folder.assetcatalog; path = Assets.xcassets; sourceTree = "<group>"; };
		AA100004 /* libmonster_battle_ios.a */ = {isa = PBXFileReference; lastKnownFileType = archive.ar; name = libmonster_battle_ios.a; path = libmonster_battle_ios.a; sourceTree = "<group>"; };
		AA100005 /* monster-battle-ios.app */ = {isa = PBXFileReference; explicitFileType = wrapper.application; includeInIndex = 0; path = "monster-battle-ios.app"; sourceTree = BUILT_PRODUCTS_DIR; };
/* End PBXFileReference section */

/* Begin PBXFrameworksBuildPhase section */
		AA200001 /* Frameworks */ = {
			isa = PBXFrameworksBuildPhase;
			buildActionMask = 2147483647;
			files = (
				AA000004 /* libmonster_battle_ios.a in Frameworks */,
			);
			runOnlyForDeploymentPostprocessing = 0;
		};
/* End PBXFrameworksBuildPhase section */

/* Begin PBXGroup section */
		AA300001 /* Products */ = {
			isa = PBXGroup;
			children = (
				AA100005 /* monster-battle-ios.app */,
			);
			name = Products;
			sourceTree = "<group>";
		};
		AA300002 /* MainGroup */ = {
			isa = PBXGroup;
			children = (
				AA100002 /* main.m */,
				AA100003 /* Assets.xcassets */,
				AA100004 /* libmonster_battle_ios.a */,
				AA300001 /* Products */,
			);
			sourceTree = "<group>";
		};
/* End PBXGroup section */

/* Begin PBXNativeTarget section */
		AA400001 /* monster-battle-ios */ = {
			isa = PBXNativeTarget;
			buildConfigurationList = AA600001 /* Build configuration list for PBXNativeTarget "monster-battle-ios" */;
			buildPhases = (
				AA500001 /* Sources */,
				AA500002 /* ShellScript */,
				AA200001 /* Frameworks */,
				AA500003 /* Resources */,
			);
			buildRules = (
			);
			dependencies = (
			);
			name = "monster-battle-ios";
			productName = "monster-battle-ios";
			productReference = AA100005 /* monster-battle-ios.app */;
			productType = "com.apple.product-type.application";
		};
/* End PBXNativeTarget section */

/* Begin PBXProject section */
		AA000000 /* Project object */ = {
			isa = PBXProject;
			attributes = {
				BuildIndependentTargetsInParallel = 1;
				LastUpgradeCheck = 1500;
				TargetAttributes = {
					AA400001 = {
						CreatedOnToolsVersion = 15.0;
					};
				};
			};
			buildConfigurationList = AA600000 /* Build configuration list for PBXProject "monster-battle-ios" */;
			compatibilityVersion = "Xcode 14.0";
			developmentRegion = en;
			hasScannedForEncodings = 0;
			knownRegions = (
				en,
				Base,
			);
			mainGroup = AA300002;
			productRefGroup = AA300001 /* Products */;
			projectDirPath = "";
			projectRoot = "";
			targets = (
				AA400001 /* monster-battle-ios */,
			);
		};
/* End PBXProject section */

/* Begin PBXResourcesBuildPhase section */
		AA500003 /* Resources */ = {
			isa = PBXResourcesBuildPhase;
			buildActionMask = 2147483647;
			files = (
				AA000003 /* Assets.xcassets in Resources */,
			);
			runOnlyForDeploymentPostprocessing = 0;
		};
/* End PBXResourcesBuildPhase section */

/* Begin PBXShellScriptBuildPhase section */
		AA500002 /* ShellScript */ = {
			isa = PBXShellScriptBuildPhase;
			buildActionMask = 2147483647;
			files = (
			);
			name = "Build Rust library";
			runOnlyForDeploymentPostprocessing = 0;
			shellPath = /bin/sh;
			shellScript = "set -e\nif which cargo > /dev/null 2>&1; then\n  cargo build -p monster-battle-ios --target aarch64-apple-ios --release\n  cp \"${SRCROOT}/../target/aarch64-apple-ios/release/libmonster_battle_ios.a\" \"${SRCROOT}/libmonster_battle_ios.a\"\nfi\n";
		};
/* End PBXShellScriptBuildPhase section */

/* Begin PBXSourcesBuildPhase section */
		AA500001 /* Sources */ = {
			isa = PBXSourcesBuildPhase;
			buildActionMask = 2147483647;
			files = (
				AA000002 /* main.m in Sources */,
			);
			runOnlyForDeploymentPostprocessing = 0;
		};
/* End PBXSourcesBuildPhase section */

/* Begin XCBuildConfiguration section */
		AA700001 /* Debug */ = {
			isa = XCBuildConfiguration;
			buildSettings = {
				ALWAYS_SEARCH_USER_PATHS = NO;
				CLANG_ANALYZER_NONNULL = YES;
				CLANG_ENABLE_MODULES = YES;
				CLANG_ENABLE_OBJC_ARC = YES;
				CODE_SIGN_STYLE = Automatic;
				ENABLE_BITCODE = NO;
				IPHONEOS_DEPLOYMENT_TARGET = 15.0;
				SDKROOT = iphoneos;
			};
			name = Debug;
		};
		AA700002 /* Release */ = {
			isa = XCBuildConfiguration;
			buildSettings = {
				ALWAYS_SEARCH_USER_PATHS = NO;
				CLANG_ANALYZER_NONNULL = YES;
				CLANG_ENABLE_MODULES = YES;
				CLANG_ENABLE_OBJC_ARC = YES;
				CODE_SIGN_STYLE = Automatic;
				ENABLE_BITCODE = NO;
				IPHONEOS_DEPLOYMENT_TARGET = 15.0;
				SDKROOT = iphoneos;
				VALIDATE_PRODUCT = YES;
			};
			name = Release;
		};
		AA700003 /* Debug */ = {
			isa = XCBuildConfiguration;
			buildSettings = {
				ASSETCATALOG_COMPILER_APPICON_NAME = AppIcon;
				CLANG_ENABLE_OBJC_ARC = YES;
				CODE_SIGN_STYLE = Automatic;
				ENABLE_BITCODE = NO;
				IPHONEOS_DEPLOYMENT_TARGET = 15.0;
				LD_RUNPATH_SEARCH_PATHS = (
					"$(inherited)",
					"@executable_path/Frameworks",
				);
				OTHER_LDFLAGS = (
					"$(inherited)",
					"-lstdc++",
					"-lm",
					"-lobjc",
					"-framework", Foundation,
					"-framework", CoreFoundation,
					"-framework", Security,
					"-framework", UIKit,
					"-lz",
				);
				PRODUCT_BUNDLE_IDENTIFIER = "com.ajustor.monsterbattle";
				PRODUCT_NAME = "$(TARGET_NAME)";
			};
			name = Debug;
		};
		AA700004 /* Release */ = {
			isa = XCBuildConfiguration;
			buildSettings = {
				ASSETCATALOG_COMPILER_APPICON_NAME = AppIcon;
				CLANG_ENABLE_OBJC_ARC = YES;
				CODE_SIGN_STYLE = Automatic;
				ENABLE_BITCODE = NO;
				IPHONEOS_DEPLOYMENT_TARGET = 15.0;
				LD_RUNPATH_SEARCH_PATHS = (
					"$(inherited)",
					"@executable_path/Frameworks",
				);
				OTHER_LDFLAGS = (
					"$(inherited)",
					"-lstdc++",
					"-lm",
					"-lobjc",
					"-framework", Foundation,
					"-framework", CoreFoundation,
					"-framework", Security,
					"-framework", UIKit,
					"-lz",
				);
				PRODUCT_BUNDLE_IDENTIFIER = "com.ajustor.monsterbattle";
				PRODUCT_NAME = "$(TARGET_NAME)";
			};
			name = Release;
		};
/* End XCBuildConfiguration section */

/* Begin XCConfigurationList section */
		AA600000 /* Build configuration list for PBXProject "monster-battle-ios" */ = {
			isa = XCConfigurationList;
			buildConfigurations = (
				AA700001 /* Debug */,
				AA700002 /* Release */,
			);
			defaultConfigurationIsVisible = 0;
			defaultConfigurationName = Release;
		};
		AA600001 /* Build configuration list for PBXNativeTarget "monster-battle-ios" */ = {
			isa = XCConfigurationList;
			buildConfigurations = (
				AA700003 /* Debug */,
				AA700004 /* Release */,
			);
			defaultConfigurationIsVisible = 0;
			defaultConfigurationName = Release;
		};
/* End XCConfigurationList section */

	};
	rootObject = AA000000 /* Project object */;
}
